// !$*UTF8*$!
{
	archiveVersion = 1;
	classes = {
	};
	objectVersion = 46;
	objects = {

/* Begin PBXBuildFile section */
		31B270231EA8144D0036354B /* MessagesView.swift in Sources */ = {isa = PBXBuildFile; fileRef = 31B270221EA8144D0036354B /* MessagesView.swift */; };
		31B270271EA8325E0036354B /* quotes.json in Resources */ = {isa = PBXBuildFile; fileRef = 31B270261EA8325E0036354B /* quotes.json */; };
		31F689F11EA7FEC500D1D175 /* AppDelegate.swift in Sources */ = {isa = PBXBuildFile; fileRef = 31F689F01EA7FEC500D1D175 /* AppDelegate.swift */; };
		31F689F31EA7FEC500D1D175 /* MessagesViewController.swift in Sources */ = {isa = PBXBuildFile; fileRef = 31F689F21EA7FEC500D1D175 /* MessagesViewController.swift */; };
		31F689F81EA7FEC500D1D175 /* Assets.xcassets in Resources */ = {isa = PBXBuildFile; fileRef = 31F689F71EA7FEC500D1D175 /* Assets.xcassets */; };
		31F689FB1EA7FEC500D1D175 /* LaunchScreen.storyboard in Resources */ = {isa = PBXBuildFile; fileRef = 31F689F91EA7FEC500D1D175 /* LaunchScreen.storyboard */; };
		AF8F869326DA28FB8E7C3432 /* Pods_MessagesApp.framework in Frameworks */ = {isa = PBXBuildFile; fileRef = BF86503BC9CBAFE40191144C /* Pods_MessagesApp.framework */; };
/* End PBXBuildFile section */

/* Begin PBXFileReference section */
		31B270221EA8144D0036354B /* MessagesView.swift */ = {isa = PBXFileReference; fileEncoding = 4; lastKnownFileType = sourcecode.swift; path = MessagesView.swift; sourceTree = "<group>"; };
		31B270261EA8325E0036354B /* quotes.json */ = {isa = PBXFileReference; fileEncoding = 4; lastKnownFileType = text.json; path = quotes.json; sourceTree = "<group>"; };
		31F689ED1EA7FEC500D1D175 /* MessagesApp.app */ = {isa = PBXFileReference; explicitFileType = wrapper.application; includeInIndex = 0; path = MessagesApp.app; sourceTree = BUILT_PRODUCTS_DIR; };
		31F689F01EA7FEC500D1D175 /* AppDelegate.swift */ = {isa = PBXFileReference; lastKnownFileType = sourcecode.swift; path = AppDelegate.swift; sourceTree = "<group>"; };
		31F689F21EA7FEC500D1D175 /* MessagesViewController.swift */ = {isa = PBXFileReference; lastKnownFileType = sourcecode.swift; path = MessagesViewController.swift; sourceTree = "<group>"; };
		31F689F71EA7FEC500D1D175 /* Assets.xcassets */ = {isa = PBXFileReference; lastKnownFileType = folder.assetcatalog; path = Assets.xcassets; sourceTree = "<group>"; };
		31F689FA1EA7FEC500D1D175 /* Base */ = {isa = PBXFileReference; lastKnownFileType = file.storyboard; name = Base; path = Base.lproj/LaunchScreen.storyboard; sourceTree = "<group>"; };
		31F689FC1EA7FEC500D1D175 /* Info.plist */ = {isa = PBXFileReference; lastKnownFileType = text.plist.xml; path = Info.plist; sourceTree = "<group>"; };
		B54085713B0C6F8F2DE35E31 /* Pods-MessagesApp.release.xcconfig */ = {isa = PBXFileReference; includeInIndex = 1; lastKnownFileType = text.xcconfig; name = "Pods-MessagesApp.release.xcconfig"; path = "Pods/Target Support Files/Pods-MessagesApp/Pods-MessagesApp.release.xcconfig"; sourceTree = "<group>"; };
		BF86503BC9CBAFE40191144C /* Pods_MessagesApp.framework */ = {isa = PBXFileReference; explicitFileType = wrapper.framework; includeInIndex = 0; path = Pods_MessagesApp.framework; sourceTree = BUILT_PRODUCTS_DIR; };
		E637843FCFF248A9E711D9FC /* Pods-MessagesApp.debug.xcconfig */ = {isa = PBXFileReference; includeInIndex = 1; lastKnownFileType = text.xcconfig; name = "Pods-MessagesApp.debug.xcconfig"; path = "Pods/Target Support Files/Pods-MessagesApp/Pods-MessagesApp.debug.xcconfig"; sourceTree = "<group>"; };
/* End PBXFileReference section */

/* Begin PBXFrameworksBuildPhase section */
		31F689EA1EA7FEC500D1D175 /* Frameworks */ = {
			isa = PBXFrameworksBuildPhase;
			buildActionMask = 2147483647;
			files = (
				AF8F869326DA28FB8E7C3432 /* Pods_MessagesApp.framework in Frameworks */,
			);
			runOnlyForDeploymentPostprocessing = 0;
		};
/* End PBXFrameworksBuildPhase section */

/* Begin PBXGroup section */
		31B2701D1EA800670036354B /* Supporting Files */ = {
			isa = PBXGroup;
			children = (
				31F689FC1EA7FEC500D1D175 /* Info.plist */,
			);
			path = "Supporting Files";
			sourceTree = "<group>";
		};
		31B2701E1EA800750036354B /* UI */ = {
			isa = PBXGroup;
			children = (
				31F689F91EA7FEC500D1D175 /* LaunchScreen.storyboard */,
				31B270221EA8144D0036354B /* MessagesView.swift */,
				31F689F21EA7FEC500D1D175 /* MessagesViewController.swift */,
			);
			path = UI;
			sourceTree = "<group>";
		};
		31B2701F1EA800790036354B /* Resources */ = {
			isa = PBXGroup;
			children = (
				31F689F71EA7FEC500D1D175 /* Assets.xcassets */,
				31B270261EA8325E0036354B /* quotes.json */,
			);
			path = Resources;
			sourceTree = "<group>";
		};
		31B270201EA8007F0036354B /* Application */ = {
			isa = PBXGroup;
			children = (
				31F689F01EA7FEC500D1D175 /* AppDelegate.swift */,
			);
			path = Application;
			sourceTree = "<group>";
		};
		31F689E41EA7FEC500D1D175 = {
			isa = PBXGroup;
			children = (
				DB13DAAE3E04DCC1C49001EF /* Frameworks */,
				31F689EF1EA7FEC500D1D175 /* MessagesApp */,
				B8F1536B231500FD3EE10207 /* Pods */,
				31F689EE1EA7FEC500D1D175 /* Products */,
			);
			sourceTree = "<group>";
		};
		31F689EE1EA7FEC500D1D175 /* Products */ = {
			isa = PBXGroup;
			children = (
				31F689ED1EA7FEC500D1D175 /* MessagesApp.app */,
			);
			name = Products;
			sourceTree = "<group>";
		};
		31F689EF1EA7FEC500D1D175 /* MessagesApp */ = {
			isa = PBXGroup;
			children = (
				31B270201EA8007F0036354B /* Application */,
				31B2701F1EA800790036354B /* Resources */,
				31B2701D1EA800670036354B /* Supporting Files */,
				31B2701E1EA800750036354B /* UI */,
			);
			path = MessagesApp;
			sourceTree = "<group>";
		};
		B8F1536B231500FD3EE10207 /* Pods */ = {
			isa = PBXGroup;
			children = (
				E637843FCFF248A9E711D9FC /* Pods-MessagesApp.debug.xcconfig */,
				B54085713B0C6F8F2DE35E31 /* Pods-MessagesApp.release.xcconfig */,
			);
			name = Pods;
			sourceTree = "<group>";
		};
		DB13DAAE3E04DCC1C49001EF /* Frameworks */ = {
			isa = PBXGroup;
			children = (
				BF86503BC9CBAFE40191144C /* Pods_MessagesApp.framework */,
			);
			name = Frameworks;
			sourceTree = "<group>";
		};
/* End PBXGroup section */

/* Begin PBXNativeTarget section */
		31F689EC1EA7FEC500D1D175 /* MessagesApp */ = {
			isa = PBXNativeTarget;
			buildConfigurationList = 31F689FF1EA7FEC500D1D175 /* Build configuration list for PBXNativeTarget "MessagesApp" */;
			buildPhases = (
				40E78A4F012156E5A64C2424 /* [CP] Check Pods Manifest.lock */,
				31B270211EA802E80036354B /* SwiftLint */,
				31F689E91EA7FEC500D1D175 /* Sources */,
				31F689EA1EA7FEC500D1D175 /* Frameworks */,
				31F689EB1EA7FEC500D1D175 /* Resources */,
				81F56CD2101D2E4119A6190A /* [CP] Embed Pods Frameworks */,
				3DBE49281CBF51A7BDB22C2D /* [CP] Copy Pods Resources */,
			);
			buildRules = (
			);
			dependencies = (
			);
			name = MessagesApp;
			productName = Messages;
			productReference = 31F689ED1EA7FEC500D1D175 /* MessagesApp.app */;
			productType = "com.apple.product-type.application";
		};
/* End PBXNativeTarget section */

/* Begin PBXProject section */
		31F689E51EA7FEC500D1D175 /* Project object */ = {
			isa = PBXProject;
			attributes = {
				LastSwiftUpdateCheck = 0830;
				LastUpgradeCheck = 0830;
				ORGANIZATIONNAME = Darrarski;
				TargetAttributes = {
					31F689EC1EA7FEC500D1D175 = {
						CreatedOnToolsVersion = 8.3.2;
						ProvisioningStyle = Manual;
					};
				};
			};
			buildConfigurationList = 31F689E81EA7FEC500D1D175 /* Build configuration list for PBXProject "Messages" */;
			compatibilityVersion = "Xcode 3.2";
			developmentRegion = English;
			hasScannedForEncodings = 0;
			knownRegions = (
				en,
				Base,
			);
			mainGroup = 31F689E41EA7FEC500D1D175;
			productRefGroup = 31F689EE1EA7FEC500D1D175 /* Products */;
			projectDirPath = "";
			projectRoot = "";
			targets = (
				31F689EC1EA7FEC500D1D175 /* MessagesApp */,
			);
		};
/* End PBXProject section */

/* Begin PBXResourcesBuildPhase section */
		31F689EB1EA7FEC500D1D175 /* Resources */ = {
			isa = PBXResourcesBuildPhase;
			buildActionMask = 2147483647;
			files = (
				31F689FB1EA7FEC500D1D175 /* LaunchScreen.storyboard in Resources */,
				31F689F81EA7FEC500D1D175 /* Assets.xcassets in Resources */,
				31B270271EA8325E0036354B /* quotes.json in Resources */,
			);
			runOnlyForDeploymentPostprocessing = 0;
		};
/* End PBXResourcesBuildPhase section */

/* Begin PBXShellScriptBuildPhase section */
		31B270211EA802E80036354B /* SwiftLint */ = {
			isa = PBXShellScriptBuildPhase;
			buildActionMask = 2147483647;
			files = (
			);
			inputPaths = (
			);
			name = SwiftLint;
			outputPaths = (
			);
			runOnlyForDeploymentPostprocessing = 0;
			shellPath = /bin/sh;
			shellScript = "cd MessagesApp/; ${PODS_ROOT}/SwiftLint/swiftlint";
		};
		3DBE49281CBF51A7BDB22C2D /* [CP] Copy Pods Resources */ = {
			isa = PBXShellScriptBuildPhase;
			buildActionMask = 2147483647;
			files = (
			);
			inputPaths = (
			);
			name = "[CP] Copy Pods Resources";
			outputPaths = (
			);
			runOnlyForDeploymentPostprocessing = 0;
			shellPath = /bin/sh;
			shellScript = "\"${SRCROOT}/Pods/Target Support Files/Pods-MessagesApp/Pods-MessagesApp-resources.sh\"\n";
			showEnvVarsInLog = 0;
		};
		40E78A4F012156E5A64C2424 /* [CP] Check Pods Manifest.lock */ = {
			isa = PBXShellScriptBuildPhase;
			buildActionMask = 2147483647;
			files = (
			);
			inputPaths = (
			);
			name = "[CP] Check Pods Manifest.lock";
			outputPaths = (
			);
			runOnlyForDeploymentPostprocessing = 0;
			shellPath = /bin/sh;
			shellScript = "diff \"${PODS_PODFILE_DIR_PATH}/Podfile.lock\" \"${PODS_ROOT}/Manifest.lock\" > /dev/null\nif [ $? != 0 ] ; then\n    # print error to STDERR\n    echo \"error: The sandbox is not in sync with the Podfile.lock. Run 'pod install' or update your CocoaPods installation.\" >&2\n    exit 1\nfi\n";
			showEnvVarsInLog = 0;
		};
		81F56CD2101D2E4119A6190A /* [CP] Embed Pods Frameworks */ = {
			isa = PBXShellScriptBuildPhase;
			buildActionMask = 2147483647;
			files = (
			);
			inputPaths = (
			);
			name = "[CP] Embed Pods Frameworks";
			outputPaths = (
			);
			runOnlyForDeploymentPostprocessing = 0;
			shellPath = /bin/sh;
			shellScript = "\"${SRCROOT}/Pods/Target Support Files/Pods-MessagesApp/Pods-MessagesApp-frameworks.sh\"\n";
			showEnvVarsInLog = 0;
		};
/* End PBXShellScriptBuildPhase section */

/* Begin PBXSourcesBuildPhase section */
		31F689E91EA7FEC500D1D175 /* Sources */ = {
			isa = PBXSourcesBuildPhase;
			buildActionMask = 2147483647;
			files = (
				31F689F31EA7FEC500D1D175 /* MessagesViewController.swift in Sources */,
				31F689F11EA7FEC500D1D175 /* AppDelegate.swift in Sources */,
				31B270231EA8144D0036354B /* MessagesView.swift in Sources */,
			);
			runOnlyForDeploymentPostprocessing = 0;
		};
/* End PBXSourcesBuildPhase section */

/* Begin PBXVariantGroup section */
		31F689F91EA7FEC500D1D175 /* LaunchScreen.storyboard */ = {
			isa = PBXVariantGroup;
			children = (
				31F689FA1EA7FEC500D1D175 /* Base */,
			);
			name = LaunchScreen.storyboard;
			path = .;
			sourceTree = "<group>";
		};
/* End PBXVariantGroup section */

/* Begin XCBuildConfiguration section */
		31F689FD1EA7FEC500D1D175 /* Debug */ = {
			isa = XCBuildConfiguration;
			buildSettings = {
				ALWAYS_SEARCH_USER_PATHS = NO;
				CLANG_ANALYZER_NONNULL = YES;
				CLANG_ANALYZER_NUMBER_OBJECT_CONVERSION = YES_AGGRESSIVE;
				CLANG_CXX_LANGUAGE_STANDARD = "gnu++0x";
				CLANG_CXX_LIBRARY = "libc++";
				CLANG_ENABLE_MODULES = YES;
				CLANG_ENABLE_OBJC_ARC = YES;
				CLANG_WARN_BOOL_CONVERSION = YES;
				CLANG_WARN_CONSTANT_CONVERSION = YES;
				CLANG_WARN_DIRECT_OBJC_ISA_USAGE = YES_ERROR;
				CLANG_WARN_DOCUMENTATION_COMMENTS = YES;
				CLANG_WARN_EMPTY_BODY = YES;
				CLANG_WARN_ENUM_CONVERSION = YES;
				CLANG_WARN_INFINITE_RECURSION = YES;
				CLANG_WARN_INT_CONVERSION = YES;
				CLANG_WARN_OBJC_ROOT_CLASS = YES_ERROR;
				CLANG_WARN_SUSPICIOUS_MOVE = YES;
				CLANG_WARN_UNREACHABLE_CODE = YES;
				CLANG_WARN__DUPLICATE_METHOD_MATCH = YES;
				"CODE_SIGN_IDENTITY[sdk=iphoneos*]" = "iPhone Developer";
				COPY_PHASE_STRIP = NO;
				DEBUG_INFORMATION_FORMAT = dwarf;
				ENABLE_STRICT_OBJC_MSGSEND = YES;
				ENABLE_TESTABILITY = YES;
				GCC_C_LANGUAGE_STANDARD = gnu99;
				GCC_DYNAMIC_NO_PIC = NO;
				GCC_NO_COMMON_BLOCKS = YES;
				GCC_OPTIMIZATION_LEVEL = 0;
				GCC_PREPROCESSOR_DEFINITIONS = (
					"DEBUG=1",
					"$(inherited)",
				);
				GCC_WARN_64_TO_32_BIT_CONVERSION = YES;
				GCC_WARN_ABOUT_RETURN_TYPE = YES_ERROR;
				GCC_WARN_UNDECLARED_SELECTOR = YES;
				GCC_WARN_UNINITIALIZED_AUTOS = YES_AGGRESSIVE;
				GCC_WARN_UNUSED_FUNCTION = YES;
				GCC_WARN_UNUSED_VARIABLE = YES;
				IPHONEOS_DEPLOYMENT_TARGET = 10.3;
				MTL_ENABLE_DEBUG_INFO = YES;
				ONLY_ACTIVE_ARCH = YES;
				SDKROOT = iphoneos;
				SWIFT_ACTIVE_COMPILATION_CONDITIONS = DEBUG;
				SWIFT_OPTIMIZATION_LEVEL = "-Onone";
				TARGETED_DEVICE_FAMILY = "1,2";
			};
			name = Debug;
		};
		31F689FE1EA7FEC500D1D175 /* Release */ = {
			isa = XCBuildConfiguration;
			buildSettings = {
				ALWAYS_SEARCH_USER_PATHS = NO;
				CLANG_ANALYZER_NONNULL = YES;
				CLANG_ANALYZER_NUMBER_OBJECT_CONVERSION = YES_AGGRESSIVE;
				CLANG_CXX_LANGUAGE_STANDARD = "gnu++0x";
				CLANG_CXX_LIBRARY = "libc++";
				CLANG_ENABLE_MODULES = YES;
				CLANG_ENABLE_OBJC_ARC = YES;
				CLANG_WARN_BOOL_CONVERSION = YES;
				CLANG_WARN_CONSTANT_CONVERSION = YES;
				CLANG_WARN_DIRECT_OBJC_ISA_USAGE = YES_ERROR;
				CLANG_WARN_DOCUMENTATION_COMMENTS = YES;
				CLANG_WARN_EMPTY_BODY = YES;
				CLANG_WARN_ENUM_CONVERSION = YES;
				CLANG_WARN_INFINITE_RECURSION = YES;
				CLANG_WARN_INT_CONVERSION = YES;
				CLANG_WARN_OBJC_ROOT_CLASS = YES_ERROR;
				CLANG_WARN_SUSPICIOUS_MOVE = YES;
				CLANG_WARN_UNREACHABLE_CODE = YES;
				CLANG_WARN__DUPLICATE_METHOD_MATCH = YES;
				"CODE_SIGN_IDENTITY[sdk=iphoneos*]" = "iPhone Developer";
				COPY_PHASE_STRIP = NO;
				DEBUG_INFORMATION_FORMAT = "dwarf-with-dsym";
				ENABLE_NS_ASSERTIONS = NO;
				ENABLE_STRICT_OBJC_MSGSEND = YES;
				GCC_C_LANGUAGE_STANDARD = gnu99;
				GCC_NO_COMMON_BLOCKS = YES;
				GCC_WARN_64_TO_32_BIT_CONVERSION = YES;
				GCC_WARN_ABOUT_RETURN_TYPE = YES_ERROR;
				GCC_WARN_UNDECLARED_SELECTOR = YES;
				GCC_WARN_UNINITIALIZED_AUTOS = YES_AGGRESSIVE;
				GCC_WARN_UNUSED_FUNCTION = YES;
				GCC_WARN_UNUSED_VARIABLE = YES;
				IPHONEOS_DEPLOYMENT_TARGET = 10.3;
				MTL_ENABLE_DEBUG_INFO = NO;
				SDKROOT = iphoneos;
				SWIFT_OPTIMIZATION_LEVEL = "-Owholemodule";
				TARGETED_DEVICE_FAMILY = "1,2";
				VALIDATE_PRODUCT = YES;
			};
			name = Release;
		};
		31F68A001EA7FEC500D1D175 /* Debug */ = {
			isa = XCBuildConfiguration;
			baseConfigurationReference = E637843FCFF248A9E711D9FC /* Pods-MessagesApp.debug.xcconfig */;
			buildSettings = {
				ASSETCATALOG_COMPILER_APPICON_NAME = AppIcon;
				DEVELOPMENT_TEAM = "";
				INFOPLIST_FILE = "MessagesApp/Supporting Files/Info.plist";
				LD_RUNPATH_SEARCH_PATHS = "$(inherited) @executable_path/Frameworks";
				PRODUCT_BUNDLE_IDENTIFIER = pl.darrarski.Messages;
				PRODUCT_NAME = "$(TARGET_NAME)";
				PROVISIONING_PROFILE_SPECIFIER = "";
				SWIFT_VERSION = 3.0;
			};
			name = Debug;
		};
		31F68A011EA7FEC500D1D175 /* Release */ = {
			isa = XCBuildConfiguration;
			baseConfigurationReference = B54085713B0C6F8F2DE35E31 /* Pods-MessagesApp.release.xcconfig */;
			buildSettings = {
				ASSETCATALOG_COMPILER_APPICON_NAME = AppIcon;
				DEVELOPMENT_TEAM = "";
				INFOPLIST_FILE = "MessagesApp/Supporting Files/Info.plist";
				LD_RUNPATH_SEARCH_PATHS = "$(inherited) @executable_path/Frameworks";
				PRODUCT_BUNDLE_IDENTIFIER = pl.darrarski.Messages;
				PRODUCT_NAME = "$(TARGET_NAME)";
				PROVISIONING_PROFILE_SPECIFIER = "";
				SWIFT_VERSION = 3.0;
			};
			name = Release;
		};
/* End XCBuildConfiguration section */

/* Begin XCConfigurationList section */
		31F689E81EA7FEC500D1D175 /* Build configuration list for PBXProject "Messages" */ = {
			isa = XCConfigurationList;
			buildConfigurations = (
				31F689FD1EA7FEC500D1D175 /* Debug */,
				31F689FE1EA7FEC500D1D175 /* Release */,
			);
			defaultConfigurationIsVisible = 0;
			defaultConfigurationName = Release;
		};
		31F689FF1EA7FEC500D1D175 /* Build configuration list for PBXNativeTarget "MessagesApp" */ = {
			isa = XCConfigurationList;
			buildConfigurations = (
				31F68A001EA7FEC500D1D175 /* Debug */,
				31F68A011EA7FEC500D1D175 /* Release */,
			);
			defaultConfigurationIsVisible = 0;
			defaultConfigurationName = Release;
		};
/* End XCConfigurationList section */
	};
	rootObject = 31F689E51EA7FEC500D1D175 /* Project object */;
}
